
Microsoft Visual Studio Solution File, Format Version 12.00
# Visual Studio Version 17
VisualStudioVersion = 17.7.34024.191
MinimumVisualStudioVersion = 10.0.40219.1
Project("{8BC9CEB8-8B4A-11D0-8D11-00A0C91BC942}") = "lab6", "lab6\lab6.vcxproj", "{B538D56B-92D6-441C-BBD2-5373D31FC99E}"
EndProject
Project("{8BC9CEB8-8B4A-11D0-8D11-00A0C91BC942}") = "StaticLib1", "StaticLib1\StaticLib1.vcxproj", "{BF64A3F0-8328-42D7-8552-F9FAF2BDABBF}"
EndProject
Global
	GlobalSection(SolutionConfigurationPlatforms) = preSolution
		Debug|x64 = Debug|x64
		Debug|x86 = Debug|x86
		Release|x64 = Release|x64
		Release|x86 = Release|x86
	EndGlobalSection
	GlobalSection(ProjectConfigurationPlatforms) = postSolution
		{B538D56B-92D6-441C-BBD2-5373D31FC99E}.Debug|x64.ActiveCfg = Debug|x64
		{B538D56B-92D6-441C-BBD2-5373D31FC99E}.Debug|x64.Build.0 = Debug|x64
		{B538D56B-92D6-441C-BBD2-5373D31FC99E}.Debug|x86.ActiveCfg = Debug|Win32
		{B538D56B-92D6-441C-BBD2-5373D31FC99E}.Debug|x86.Build.0 = Debug|Win32
		{B538D56B-92D6-441C-BBD2-5373D31FC99E}.Release|x64.ActiveCfg = Release|x64
		{B538D56B-92D6-441C-BBD2-5373D31FC99E}.Release|x64.Build.0 = Release|x64
		{B538D56B-92D6-441C-BBD2-5373D31FC99E}.Release|x86.ActiveCfg = Release|Win32
		{B538D56B-92D6-441C-BBD2-5373D31FC99E}.Release|x86.Build.0 = Release|Win32
		{BF64A3F0-8328-42D7-8552-F9FAF2BDABBF}.Debug|x64.ActiveCfg = Debug|x64
		{BF64A3F0-8328-42D7-8552-F9FAF2BDABBF}.Debug|x64.Build.0 = Debug|x64
		{BF64A3F0-8328-42D7-8552-F9FAF2BDABBF}.Debug|x86.ActiveCfg = Debug|Win32
		{BF64A3F0-8328-42D7-8552-F9FAF2BDABBF}.Debug|x86.Build.0 = Debug|Win32
		{BF64A3F0-8328-42D7-8552-F9FAF2BDABBF}.Release|x64.ActiveCfg = Release|x64
		{BF64A3F0-8328-42D7-8552-F9FAF2BDABBF}.Release|x64.Build.0 = Release|x64
		{BF64A3F0-8328-42D7-8552-F9FAF2BDABBF}.Release|x86.ActiveCfg = Release|Win32
		{BF64A3F0-8328-42D7-8552-F9FAF2BDABBF}.Release|x86.Build.0 = Release|Win32
	EndGlobalSection
	GlobalSection(SolutionProperties) = preSolution
		HideSolutionNode = FALSE
	EndGlobalSection
	GlobalSection(ExtensibilityGlobals) = postSolution
		SolutionGuid = {EB91BB58-BED8-4E83-840E-43903FF65791}
	EndGlobalSection
EndGlobal
